
Microsoft Visual Studio Solution File, Format Version 12.00
# Visual Studio 2012
Project("{FAE04EC0-301F-11D3-BF4B-00C04F79EFBC}") = "Bitrise.iOS", "iOS\Bitrise.iOS.csproj", "{8296C081-481B-400F-8C9B-3E40EC777A84}"
EndProject
Project("{FAE04EC0-301F-11D3-BF4B-00C04F79EFBC}") = "Bitrise.Droid", "Droid\Bitrise.Droid.csproj", "{FA3C92D9-AE13-4D14-A87C-2ADD4F8015BF}"
EndProject
Project("{FAE04EC0-301F-11D3-BF4B-00C04F79EFBC}") = "Bitrise", "Bitrise\Bitrise.csproj", "{BFACA0DD-E50B-4FD2-8613-E48A6C4302EA}"
EndProject
Global
	GlobalSection(SolutionConfigurationPlatforms) = preSolution
		Debug|iPhoneSimulator = Debug|iPhoneSimulator
		Release|iPhone = Release|iPhone
		Release|iPhoneSimulator = Release|iPhoneSimulator
		Debug|iPhone = Debug|iPhone
		Debug|Any CPU = Debug|Any CPU
		Release|Any CPU = Release|Any CPU
	EndGlobalSection
	GlobalSection(ProjectConfigurationPlatforms) = postSolution
		{8296C081-481B-400F-8C9B-3E40EC777A84}.Debug|Any CPU.ActiveCfg = Debug|iPhoneSimulator
		{8296C081-481B-400F-8C9B-3E40EC777A84}.Debug|Any CPU.Build.0 = Debug|iPhoneSimulator
		{8296C081-481B-400F-8C9B-3E40EC777A84}.Debug|iPhone.ActiveCfg = Debug|iPhone
		{8296C081-481B-400F-8C9B-3E40EC777A84}.Debug|iPhone.Build.0 = Debug|iPhone
		{8296C081-481B-400F-8C9B-3E40EC777A84}.Debug|iPhoneSimulator.ActiveCfg = Debug|iPhoneSimulator
		{8296C081-481B-400F-8C9B-3E40EC777A84}.Debug|iPhoneSimulator.Build.0 = Debug|iPhoneSimulator
		{8296C081-481B-400F-8C9B-3E40EC777A84}.Release|Any CPU.ActiveCfg = Release|iPhone
		{8296C081-481B-400F-8C9B-3E40EC777A84}.Release|Any CPU.Build.0 = Release|iPhone
		{8296C081-481B-400F-8C9B-3E40EC777A84}.Release|iPhone.ActiveCfg = Release|iPhone
		{8296C081-481B-400F-8C9B-3E40EC777A84}.Release|iPhone.Build.0 = Release|iPhone
		{8296C081-481B-400F-8C9B-3E40EC777A84}.Release|iPhoneSimulator.ActiveCfg = Release|iPhoneSimulator
		{8296C081-481B-400F-8C9B-3E40EC777A84}.Release|iPhoneSimulator.Build.0 = Release|iPhoneSimulator
		{BFACA0DD-E50B-4FD2-8613-E48A6C4302EA}.Debug|Any CPU.ActiveCfg = Debug|Any CPU
		{BFACA0DD-E50B-4FD2-8613-E48A6C4302EA}.Debug|Any CPU.Build.0 = Debug|Any CPU
		{BFACA0DD-E50B-4FD2-8613-E48A6C4302EA}.Debug|iPhone.ActiveCfg = Debug|Any CPU
		{BFACA0DD-E50B-4FD2-8613-E48A6C4302EA}.Debug|iPhone.Build.0 = Debug|Any CPU
		{BFACA0DD-E50B-4FD2-8613-E48A6C4302EA}.Debug|iPhoneSimulator.ActiveCfg = Debug|Any CPU
		{BFACA0DD-E50B-4FD2-8613-E48A6C4302EA}.Debug|iPhoneSimulator.Build.0 = Debug|Any CPU
		{BFACA0DD-E50B-4FD2-8613-E48A6C4302EA}.Release|Any CPU.ActiveCfg = Release|Any CPU
		{BFACA0DD-E50B-4FD2-8613-E48A6C4302EA}.Release|Any CPU.Build.0 = Release|Any CPU
		{BFACA0DD-E50B-4FD2-8613-E48A6C4302EA}.Release|iPhone.ActiveCfg = Release|Any CPU
		{BFACA0DD-E50B-4FD2-8613-E48A6C4302EA}.Release|iPhone.Build.0 = Release|Any CPU
		{BFACA0DD-E50B-4FD2-8613-E48A6C4302EA}.Release|iPhoneSimulator.ActiveCfg = Release|Any CPU
		{BFACA0DD-E50B-4FD2-8613-E48A6C4302EA}.Release|iPhoneSimulator.Build.0 = Release|Any CPU
		{FA3C92D9-AE13-4D14-A87C-2ADD4F8015BF}.Debug|Any CPU.ActiveCfg = Debug|Any CPU
		{FA3C92D9-AE13-4D14-A87C-2ADD4F8015BF}.Debug|Any CPU.Build.0 = Debug|Any CPU
		{FA3C92D9-AE13-4D14-A87C-2ADD4F8015BF}.Debug|iPhone.ActiveCfg = Debug|Any CPU
		{FA3C92D9-AE13-4D14-A87C-2ADD4F8015BF}.Debug|iPhone.Build.0 = Debug|Any CPU
		{FA3C92D9-AE13-4D14-A87C-2ADD4F8015BF}.Debug|iPhoneSimulator.ActiveCfg = Debug|Any CPU
		{FA3C92D9-AE13-4D14-A87C-2ADD4F8015BF}.Debug|iPhoneSimulator.Build.0 = Debug|Any CPU
		{FA3C92D9-AE13-4D14-A87C-2ADD4F8015BF}.Release|Any CPU.ActiveCfg = Release|Any CPU
		{FA3C92D9-AE13-4D14-A87C-2ADD4F8015BF}.Release|Any CPU.Build.0 = Release|Any CPU
		{FA3C92D9-AE13-4D14-A87C-2ADD4F8015BF}.Release|iPhone.ActiveCfg = Release|Any CPU
		{FA3C92D9-AE13-4D14-A87C-2ADD4F8015BF}.Release|iPhone.Build.0 = Release|Any CPU
		{FA3C92D9-AE13-4D14-A87C-2ADD4F8015BF}.Release|iPhoneSimulator.ActiveCfg = Release|Any CPU
		{FA3C92D9-AE13-4D14-A87C-2ADD4F8015BF}.Release|iPhoneSimulator.Build.0 = Release|Any CPU
	EndGlobalSection
EndGlobal
